
Microsoft Visual Studio Solution File, Format Version 12.00
# Visual Studio 14
VisualStudioVersion = 14.0.23107.0
MinimumVisualStudioVersion = 10.0.40219.1
Project("{FAE04EC0-301F-11D3-BF4B-00C04F79EFBC}") = "MulticastDelegate", "MulticastDelegate\MulticastDelegate.csproj", "{2BC0FAFC-7C36-454F-9A8B-972CEACC7EAD}"
EndProject
Global
	GlobalSection(SolutionConfigurationPlatforms) = preSolution
		Debug|Any CPU = Debug|Any CPU
		Release|Any CPU = Release|Any CPU
	EndGlobalSection
	GlobalSection(ProjectConfigurationPlatforms) = postSolution
		{2BC0FAFC-7C36-454F-9A8B-972CEACC7EAD}.Debug|Any CPU.ActiveCfg = Debug|Any CPU
		{2BC0FAFC-7C36-454F-9A8B-972CEACC7EAD}.Debug|Any CPU.Build.0 = Debug|Any CPU
		{2BC0FAFC-7C36-454F-9A8B-972CEACC7EAD}.Release|Any CPU.ActiveCfg = Release|Any CPU
		{2BC0FAFC-7C36-454F-9A8B-972CEACC7EAD}.Release|Any CPU.Build.0 = Release|Any CPU
	EndGlobalSection
	GlobalSection(SolutionProperties) = preSolution
		HideSolutionNode = FALSE
	EndGlobalSection
EndGlobal
